<?xml version="1.0" encoding="utf-8"?>
<Project ToolsVersion="17.0" xmlns="http://schemas.microsoft.com/developer/msbuild/2003">
  <ItemGroup>
    <CustomBuild Include="C:\HAL\HAL_Program\DX22\DX22_01_plane - コピー\DX22_01_plane\packaging_work\assimp-build-staticcrt\CMakeFiles\5af44b73e93ea65179d8cf39fbdb8244\uninstall.rule">
      <Filter>CMake Rules</Filter>
    </CustomBuild>
    <CustomBuild Include="C:\HAL\HAL_Program\DX22\DX22_01_plane - コピー\DX22_01_plane\packaging_work\assimp-5.2.5-src\CMakeLists.txt" />
  </ItemGroup>
  <ItemGroup>
    <None Include="C:\HAL\HAL_Program\DX22\DX22_01_plane - コピー\DX22_01_plane\packaging_work\assimp-build-staticcrt\CMakeFiles\uninstall" />
  </ItemGroup>
  <ItemGroup>
    <Filter Include="CMake Rules">
      <UniqueIdentifier>{B4569DF3-8C8A-35BB-BCEB-8CE161DEF082}</UniqueIdentifier>
    </Filter>
  </ItemGroup>
</Project>
