
Microsoft Visual Studio Solution File, Format Version 12.00
# Visual Studio Version 17
Project("{8BC9CEB8-8B4A-11D0-8D11-00A0C91BC942}") = "ALL_BUILD", "ALL_BUILD.vcxproj", "{88891003-35CE-31AA-A0F0-594EF28F4CF4}"
	ProjectSection(ProjectDependencies) = postProject
		{0E2A2147-5ED0-3F78-BCD3-7790AE2737A3} = {0E2A2147-5ED0-3F78-BCD3-7790AE2737A3}
		{FA244187-21F7-3833-A1B8-F8E6C492DB56} = {FA244187-21F7-3833-A1B8-F8E6C492DB56}
	EndProjectSection
EndProject
Project("{8BC9CEB8-8B4A-11D0-8D11-00A0C91BC942}") = "INSTALL", "INSTALL.vcxproj", "{A5E9CB5E-0143-396D-B84F-AADBACDDCBDB}"
	ProjectSection(ProjectDependencies) = postProject
		{88891003-35CE-31AA-A0F0-594EF28F4CF4} = {88891003-35CE-31AA-A0F0-594EF28F4CF4}
		{0E2A2147-5ED0-3F78-BCD3-7790AE2737A3} = {0E2A2147-5ED0-3F78-BCD3-7790AE2737A3}
	EndProjectSection
EndProject
Project("{8BC9CEB8-8B4A-11D0-8D11-00A0C91BC942}") = "ZERO_CHECK", "..\..\\ZERO_CHECK.vcxproj", "{0E2A2147-5ED0-3F78-BCD3-7790AE2737A3}"
	ProjectSection(ProjectDependencies) = postProject
	EndProjectSection
EndProject
Project("{8BC9CEB8-8B4A-11D0-8D11-00A0C91BC942}") = "zlibstatic", "zlibstatic.vcxproj", "{FA244187-21F7-3833-A1B8-F8E6C492DB56}"
	ProjectSection(ProjectDependencies) = postProject
		{0E2A2147-5ED0-3F78-BCD3-7790AE2737A3} = {0E2A2147-5ED0-3F78-BCD3-7790AE2737A3}
	EndProjectSection
EndProject
Global
	GlobalSection(SolutionConfigurationPlatforms) = preSolution
		Debug|x64 = Debug|x64
		Release|x64 = Release|x64
		MinSizeRel|x64 = MinSizeRel|x64
		RelWithDebInfo|x64 = RelWithDebInfo|x64
	EndGlobalSection
	GlobalSection(ProjectConfigurationPlatforms) = postSolution
		{88891003-35CE-31AA-A0F0-594EF28F4CF4}.Debug|x64.ActiveCfg = Debug|x64
		{88891003-35CE-31AA-A0F0-594EF28F4CF4}.Debug|x64.Build.0 = Debug|x64
		{88891003-35CE-31AA-A0F0-594EF28F4CF4}.Release|x64.ActiveCfg = Release|x64
		{88891003-35CE-31AA-A0F0-594EF28F4CF4}.Release|x64.Build.0 = Release|x64
		{88891003-35CE-31AA-A0F0-594EF28F4CF4}.MinSizeRel|x64.ActiveCfg = MinSizeRel|x64
		{88891003-35CE-31AA-A0F0-594EF28F4CF4}.MinSizeRel|x64.Build.0 = MinSizeRel|x64
		{88891003-35CE-31AA-A0F0-594EF28F4CF4}.RelWithDebInfo|x64.ActiveCfg = RelWithDebInfo|x64
		{88891003-35CE-31AA-A0F0-594EF28F4CF4}.RelWithDebInfo|x64.Build.0 = RelWithDebInfo|x64
		{A5E9CB5E-0143-396D-B84F-AADBACDDCBDB}.Debug|x64.ActiveCfg = Debug|x64
		{A5E9CB5E-0143-396D-B84F-AADBACDDCBDB}.Release|x64.ActiveCfg = Release|x64
		{A5E9CB5E-0143-396D-B84F-AADBACDDCBDB}.MinSizeRel|x64.ActiveCfg = MinSizeRel|x64
		{A5E9CB5E-0143-396D-B84F-AADBACDDCBDB}.RelWithDebInfo|x64.ActiveCfg = RelWithDebInfo|x64
		{0E2A2147-5ED0-3F78-BCD3-7790AE2737A3}.Debug|x64.ActiveCfg = Debug|x64
		{0E2A2147-5ED0-3F78-BCD3-7790AE2737A3}.Debug|x64.Build.0 = Debug|x64
		{0E2A2147-5ED0-3F78-BCD3-7790AE2737A3}.Release|x64.ActiveCfg = Release|x64
		{0E2A2147-5ED0-3F78-BCD3-7790AE2737A3}.Release|x64.Build.0 = Release|x64
		{0E2A2147-5ED0-3F78-BCD3-7790AE2737A3}.MinSizeRel|x64.ActiveCfg = MinSizeRel|x64
		{0E2A2147-5ED0-3F78-BCD3-7790AE2737A3}.MinSizeRel|x64.Build.0 = MinSizeRel|x64
		{0E2A2147-5ED0-3F78-BCD3-7790AE2737A3}.RelWithDebInfo|x64.ActiveCfg = RelWithDebInfo|x64
		{0E2A2147-5ED0-3F78-BCD3-7790AE2737A3}.RelWithDebInfo|x64.Build.0 = RelWithDebInfo|x64
		{FA244187-21F7-3833-A1B8-F8E6C492DB56}.Debug|x64.ActiveCfg = Debug|x64
		{FA244187-21F7-3833-A1B8-F8E6C492DB56}.Debug|x64.Build.0 = Debug|x64
		{FA244187-21F7-3833-A1B8-F8E6C492DB56}.Release|x64.ActiveCfg = Release|x64
		{FA244187-21F7-3833-A1B8-F8E6C492DB56}.Release|x64.Build.0 = Release|x64
		{FA244187-21F7-3833-A1B8-F8E6C492DB56}.MinSizeRel|x64.ActiveCfg = MinSizeRel|x64
		{FA244187-21F7-3833-A1B8-F8E6C492DB56}.MinSizeRel|x64.Build.0 = MinSizeRel|x64
		{FA244187-21F7-3833-A1B8-F8E6C492DB56}.RelWithDebInfo|x64.ActiveCfg = RelWithDebInfo|x64
		{FA244187-21F7-3833-A1B8-F8E6C492DB56}.RelWithDebInfo|x64.Build.0 = RelWithDebInfo|x64
	EndGlobalSection
	GlobalSection(ExtensibilityGlobals) = postSolution
		SolutionGuid = {A9AFC748-C44D-381F-8CA1-C6E8FCE5E229}
	EndGlobalSection
	GlobalSection(ExtensibilityAddIns) = postSolution
	EndGlobalSection
EndGlobal
